
Microsoft Visual Studio Solution File, Format Version 12.00
# Visual Studio Version 16
VisualStudioVersion = 16.0.29728.190
MinimumVisualStudioVersion = 10.0.40219.1
Project("{FAE04EC0-301F-11D3-BF4B-00C04F79EFBC}") = "TUNGDZ5", "TUNGDZ5\TUNGDZ5.csproj", "{562771CC-6AAF-4689-81D2-781E257E11B5}"
EndProject
Global
	GlobalSection(SolutionConfigurationPlatforms) = preSolution
		Debug|Any CPU = Debug|Any CPU
		Release|Any CPU = Release|Any CPU
	EndGlobalSection
	GlobalSection(ProjectConfigurationPlatforms) = postSolution
		{562771CC-6AAF-4689-81D2-781E257E11B5}.Debug|Any CPU.ActiveCfg = Debug|Any CPU
		{562771CC-6AAF-4689-81D2-781E257E11B5}.Debug|Any CPU.Build.0 = Debug|Any CPU
		{562771CC-6AAF-4689-81D2-781E257E11B5}.Release|Any CPU.ActiveCfg = Release|Any CPU
		{562771CC-6AAF-4689-81D2-781E257E11B5}.Release|Any CPU.Build.0 = Release|Any CPU
	EndGlobalSection
	GlobalSection(SolutionProperties) = preSolution
		HideSolutionNode = FALSE
	EndGlobalSection
	GlobalSection(ExtensibilityGlobals) = postSolution
		SolutionGuid = {64916B8E-11CD-409D-A6D0-D0883A385091}
	EndGlobalSection
EndGlobal
